
Microsoft Visual Studio Solution File, Format Version 12.00
# Visual Studio Version 16
VisualStudioVersion = 16.0.29613.14
MinimumVisualStudioVersion = 10.0.40219.1
Project("{FAE04EC0-301F-11D3-BF4B-00C04F79EFBC}") = "WeatherReact", "WeatherReact\WeatherReact.csproj", "{9813AA4F-AC7C-46F8-9154-3F179BB80751}"
EndProject
Global
	GlobalSection(SolutionConfigurationPlatforms) = preSolution
		Debug|Any CPU = Debug|Any CPU
		Release|Any CPU = Release|Any CPU
	EndGlobalSection
	GlobalSection(ProjectConfigurationPlatforms) = postSolution
		{9813AA4F-AC7C-46F8-9154-3F179BB80751}.Debug|Any CPU.ActiveCfg = Debug|Any CPU
		{9813AA4F-AC7C-46F8-9154-3F179BB80751}.Debug|Any CPU.Build.0 = Debug|Any CPU
		{9813AA4F-AC7C-46F8-9154-3F179BB80751}.Release|Any CPU.ActiveCfg = Release|Any CPU
		{9813AA4F-AC7C-46F8-9154-3F179BB80751}.Release|Any CPU.Build.0 = Release|Any CPU
	EndGlobalSection
	GlobalSection(SolutionProperties) = preSolution
		HideSolutionNode = FALSE
	EndGlobalSection
	GlobalSection(ExtensibilityGlobals) = postSolution
		SolutionGuid = {D12806DC-B558-4656-87A2-89CA0C05D778}
	EndGlobalSection
EndGlobal
